// !$*UTF8*$!
{
	archiveVersion = 1;
	classes = {
	};
	objectVersion = 50;
	objects = {

/* Begin PBXBuildFile section */
		3A85118C258178E000A1E22C /* CalcButton.swift in Sources */ = {isa = PBXBuildFile; fileRef = 3A85118B258178E000A1E22C /* CalcButton.swift */; };
		3A8511DE2593D5BB00A1E22C /* BasicMathOperation.swift in Sources */ = {isa = PBXBuildFile; fileRef = 3A8511DD2593D5BB00A1E22C /* BasicMathOperation.swift */; };
		3A8511E1259516E000A1E22C /* Colors.swift in Sources */ = {isa = PBXBuildFile; fileRef = 3A8511E0259516DF00A1E22C /* Colors.swift */; };
		3A8511E42595250D00A1E22C /* CalcButtonDTO.swift in Sources */ = {isa = PBXBuildFile; fileRef = 3A8511E32595250D00A1E22C /* CalcButtonDTO.swift */; };
		3AFA07CC25953E3D00B0193F /* CalcLabelDTO.swift in Sources */ = {isa = PBXBuildFile; fileRef = 3AFA07CB25953E3D00B0193F /* CalcLabelDTO.swift */; };
		3AFA07CF2595490100B0193F /* Localizations.swift in Sources */ = {isa = PBXBuildFile; fileRef = 3AFA07CE2595490100B0193F /* Localizations.swift */; };
		3AFF48C925814E4400C6E153 /* AppDelegate.swift in Sources */ = {isa = PBXBuildFile; fileRef = 3AFF48C825814E4400C6E153 /* AppDelegate.swift */; };
		3AFF48CB25814E4400C6E153 /* SceneDelegate.swift in Sources */ = {isa = PBXBuildFile; fileRef = 3AFF48CA25814E4400C6E153 /* SceneDelegate.swift */; };
		3AFF48CD25814E4400C6E153 /* ViewController.swift in Sources */ = {isa = PBXBuildFile; fileRef = 3AFF48CC25814E4400C6E153 /* ViewController.swift */; };
		3AFF48D025814E4400C6E153 /* Main.storyboard in Resources */ = {isa = PBXBuildFile; fileRef = 3AFF48CE25814E4400C6E153 /* Main.storyboard */; };
		3AFF48D225814E4600C6E153 /* Assets.xcassets in Resources */ = {isa = PBXBuildFile; fileRef = 3AFF48D125814E4600C6E153 /* Assets.xcassets */; };
		3AFF48D525814E4600C6E153 /* LaunchScreen.storyboard in Resources */ = {isa = PBXBuildFile; fileRef = 3AFF48D325814E4600C6E153 /* LaunchScreen.storyboard */; };
/* End PBXBuildFile section */

/* Begin PBXFileReference section */
		3A85118B258178E000A1E22C /* CalcButton.swift */ = {isa = PBXFileReference; lastKnownFileType = sourcecode.swift; path = CalcButton.swift; sourceTree = "<group>"; };
		3A8511DD2593D5BB00A1E22C /* BasicMathOperation.swift */ = {isa = PBXFileReference; lastKnownFileType = sourcecode.swift; path = BasicMathOperation.swift; sourceTree = "<group>"; };
		3A8511E0259516DF00A1E22C /* Colors.swift */ = {isa = PBXFileReference; lastKnownFileType = sourcecode.swift; path = Colors.swift; sourceTree = "<group>"; };
		3A8511E32595250D00A1E22C /* CalcButtonDTO.swift */ = {isa = PBXFileReference; lastKnownFileType = sourcecode.swift; path = CalcButtonDTO.swift; sourceTree = "<group>"; };
		3AFA07CB25953E3D00B0193F /* CalcLabelDTO.swift */ = {isa = PBXFileReference; lastKnownFileType = sourcecode.swift; path = CalcLabelDTO.swift; sourceTree = "<group>"; };
		3AFA07CE2595490100B0193F /* Localizations.swift */ = {isa = PBXFileReference; lastKnownFileType = sourcecode.swift; path = Localizations.swift; sourceTree = "<group>"; };
		3AFF48C525814E4400C6E153 /* Calculator.app */ = {isa = PBXFileReference; explicitFileType = wrapper.application; includeInIndex = 0; path = Calculator.app; sourceTree = BUILT_PRODUCTS_DIR; };
		3AFF48C825814E4400C6E153 /* AppDelegate.swift */ = {isa = PBXFileReference; lastKnownFileType = sourcecode.swift; path = AppDelegate.swift; sourceTree = "<group>"; };
		3AFF48CA25814E4400C6E153 /* SceneDelegate.swift */ = {isa = PBXFileReference; lastKnownFileType = sourcecode.swift; path = SceneDelegate.swift; sourceTree = "<group>"; };
		3AFF48CC25814E4400C6E153 /* ViewController.swift */ = {isa = PBXFileReference; lastKnownFileType = sourcecode.swift; path = ViewController.swift; sourceTree = "<group>"; };
		3AFF48CF25814E4400C6E153 /* Base */ = {isa = PBXFileReference; lastKnownFileType = file.storyboard; name = Base; path = Base.lproj/Main.storyboard; sourceTree = "<group>"; };
		3AFF48D125814E4600C6E153 /* Assets.xcassets */ = {isa = PBXFileReference; lastKnownFileType = folder.assetcatalog; path = Assets.xcassets; sourceTree = "<group>"; };
		3AFF48D425814E4600C6E153 /* Base */ = {isa = PBXFileReference; lastKnownFileType = file.storyboard; name = Base; path = Base.lproj/LaunchScreen.storyboard; sourceTree = "<group>"; };
		3AFF48D625814E4600C6E153 /* Info.plist */ = {isa = PBXFileReference; lastKnownFileType = text.plist.xml; path = Info.plist; sourceTree = "<group>"; };
/* End PBXFileReference section */

/* Begin PBXFrameworksBuildPhase section */
		3AFF48C225814E4400C6E153 /* Frameworks */ = {
			isa = PBXFrameworksBuildPhase;
			buildActionMask = 2147483647;
			files = (
			);
			runOnlyForDeploymentPostprocessing = 0;
		};
/* End PBXFrameworksBuildPhase section */

/* Begin PBXGroup section */
		3AFF48BC25814E4400C6E153 = {
			isa = PBXGroup;
			children = (
				3AFF48C725814E4400C6E153 /* Calculator */,
				3AFF48C625814E4400C6E153 /* Products */,
			);
			sourceTree = "<group>";
		};
		3AFF48C625814E4400C6E153 /* Products */ = {
			isa = PBXGroup;
			children = (
				3AFF48C525814E4400C6E153 /* Calculator.app */,
			);
			name = Products;
			sourceTree = "<group>";
		};
		3AFF48C725814E4400C6E153 /* Calculator */ = {
			isa = PBXGroup;
			children = (
				3AFF48C825814E4400C6E153 /* AppDelegate.swift */,
				3AFF48CA25814E4400C6E153 /* SceneDelegate.swift */,
				3A8511E0259516DF00A1E22C /* Colors.swift */,
				3AFA07CE2595490100B0193F /* Localizations.swift */,
				3A8511E32595250D00A1E22C /* CalcButtonDTO.swift */,
				3AFA07CB25953E3D00B0193F /* CalcLabelDTO.swift */,
				3AFF48CC25814E4400C6E153 /* ViewController.swift */,
				3A85118B258178E000A1E22C /* CalcButton.swift */,
				3A8511DD2593D5BB00A1E22C /* BasicMathOperation.swift */,
				3AFF48CE25814E4400C6E153 /* Main.storyboard */,
				3AFF48D125814E4600C6E153 /* Assets.xcassets */,
				3AFF48D325814E4600C6E153 /* LaunchScreen.storyboard */,
				3AFF48D625814E4600C6E153 /* Info.plist */,
			);
			path = Calculator;
			sourceTree = "<group>";
		};
/* End PBXGroup section */

/* Begin PBXNativeTarget section */
		3AFF48C425814E4400C6E153 /* Calculator */ = {
			isa = PBXNativeTarget;
			buildConfigurationList = 3AFF48D925814E4600C6E153 /* Build configuration list for PBXNativeTarget "Calculator" */;
			buildPhases = (
				3AFF48C125814E4400C6E153 /* Sources */,
				3AFF48C225814E4400C6E153 /* Frameworks */,
				3AFF48C325814E4400C6E153 /* Resources */,
			);
			buildRules = (
			);
			dependencies = (
			);
			name = Calculator;
			productName = Calculator;
			productReference = 3AFF48C525814E4400C6E153 /* Calculator.app */;
			productType = "com.apple.product-type.application";
		};
/* End PBXNativeTarget section */

/* Begin PBXProject section */
		3AFF48BD25814E4400C6E153 /* Project object */ = {
			isa = PBXProject;
			attributes = {
				LastSwiftUpdateCheck = 1200;
				LastUpgradeCheck = 1200;
				TargetAttributes = {
					3AFF48C425814E4400C6E153 = {
						CreatedOnToolsVersion = 12.0.1;
					};
				};
			};
			buildConfigurationList = 3AFF48C025814E4400C6E153 /* Build configuration list for PBXProject "Calculator" */;
			compatibilityVersion = "Xcode 9.3";
			developmentRegion = en;
			hasScannedForEncodings = 0;
			knownRegions = (
				en,
				Base,
			);
			mainGroup = 3AFF48BC25814E4400C6E153;
			productRefGroup = 3AFF48C625814E4400C6E153 /* Products */;
			projectDirPath = "";
			projectRoot = "";
			targets = (
				3AFF48C425814E4400C6E153 /* Calculator */,
			);
		};
/* End PBXProject section */

/* Begin PBXResourcesBuildPhase section */
		3AFF48C325814E4400C6E153 /* Resources */ = {
			isa = PBXResourcesBuildPhase;
			buildActionMask = 2147483647;
			files = (
				3AFF48D525814E4600C6E153 /* LaunchScreen.storyboard in Resources */,
				3AFF48D225814E4600C6E153 /* Assets.xcassets in Resources */,
				3AFF48D025814E4400C6E153 /* Main.storyboard in Resources */,
			);
			runOnlyForDeploymentPostprocessing = 0;
		};
/* End PBXResourcesBuildPhase section */

/* Begin PBXSourcesBuildPhase section */
		3AFF48C125814E4400C6E153 /* Sources */ = {
			isa = PBXSourcesBuildPhase;
			buildActionMask = 2147483647;
			files = (
				3A85118C258178E000A1E22C /* CalcButton.swift in Sources */,
				3A8511E1259516E000A1E22C /* Colors.swift in Sources */,
				3AFF48CD25814E4400C6E153 /* ViewController.swift in Sources */,
				3AFF48C925814E4400C6E153 /* AppDelegate.swift in Sources */,
				3AFF48CB25814E4400C6E153 /* SceneDelegate.swift in Sources */,
				3A8511DE2593D5BB00A1E22C /* BasicMathOperation.swift in Sources */,
				3A8511E42595250D00A1E22C /* CalcButtonDTO.swift in Sources */,
				3AFA07CC25953E3D00B0193F /* CalcLabelDTO.swift in Sources */,
				3AFA07CF2595490100B0193F /* Localizations.swift in Sources */,
			);
			runOnlyForDeploymentPostprocessing = 0;
		};
/* End PBXSourcesBuildPhase section */

/* Begin PBXVariantGroup section */
		3AFF48CE25814E4400C6E153 /* Main.storyboard */ = {
			isa = PBXVariantGroup;
			children = (
				3AFF48CF25814E4400C6E153 /* Base */,
			);
			name = Main.storyboard;
			sourceTree = "<group>";
		};
		3AFF48D325814E4600C6E153 /* LaunchScreen.storyboard */ = {
			isa = PBXVariantGroup;
			children = (
				3AFF48D425814E4600C6E153 /* Base */,
			);
			name = LaunchScreen.storyboard;
			sourceTree = "<group>";
		};
/* End PBXVariantGroup section */

/* Begin XCBuildConfiguration section */
		3AFF48D725814E4600C6E153 /* Debug */ = {
			isa = XCBuildConfiguration;
			buildSettings = {
				ALWAYS_SEARCH_USER_PATHS = NO;
				CLANG_ANALYZER_NONNULL = YES;
				CLANG_ANALYZER_NUMBER_OBJECT_CONVERSION = YES_AGGRESSIVE;
				CLANG_CXX_LANGUAGE_STANDARD = "gnu++14";
				CLANG_CXX_LIBRARY = "libc++";
				CLANG_ENABLE_MODULES = YES;
				CLANG_ENABLE_OBJC_ARC = YES;
				CLANG_ENABLE_OBJC_WEAK = YES;
				CLANG_WARN_BLOCK_CAPTURE_AUTORELEASING = YES;
				CLANG_WARN_BOOL_CONVERSION = YES;
				CLANG_WARN_COMMA = YES;
				CLANG_WARN_CONSTANT_CONVERSION = YES;
				CLANG_WARN_DEPRECATED_OBJC_IMPLEMENTATIONS = YES;
				CLANG_WARN_DIRECT_OBJC_ISA_USAGE = YES_ERROR;
				CLANG_WARN_DOCUMENTATION_COMMENTS = YES;
				CLANG_WARN_EMPTY_BODY = YES;
				CLANG_WARN_ENUM_CONVERSION = YES;
				CLANG_WARN_INFINITE_RECURSION = YES;
				CLANG_WARN_INT_CONVERSION = YES;
				CLANG_WARN_NON_LITERAL_NULL_CONVERSION = YES;
				CLANG_WARN_OBJC_IMPLICIT_RETAIN_SELF = YES;
				CLANG_WARN_OBJC_LITERAL_CONVERSION = YES;
				CLANG_WARN_OBJC_ROOT_CLASS = YES_ERROR;
				CLANG_WARN_QUOTED_INCLUDE_IN_FRAMEWORK_HEADER = YES;
				CLANG_WARN_RANGE_LOOP_ANALYSIS = YES;
				CLANG_WARN_STRICT_PROTOTYPES = YES;
				CLANG_WARN_SUSPICIOUS_MOVE = YES;
				CLANG_WARN_UNGUARDED_AVAILABILITY = YES_AGGRESSIVE;
				CLANG_WARN_UNREACHABLE_CODE = YES;
				CLANG_WARN__DUPLICATE_METHOD_MATCH = YES;
				COPY_PHASE_STRIP = NO;
				DEBUG_INFORMATION_FORMAT = dwarf;
				ENABLE_STRICT_OBJC_MSGSEND = YES;
				ENABLE_TESTABILITY = YES;
				GCC_C_LANGUAGE_STANDARD = gnu11;
				GCC_DYNAMIC_NO_PIC = NO;
				GCC_NO_COMMON_BLOCKS = YES;
				GCC_OPTIMIZATION_LEVEL = 0;
				GCC_PREPROCESSOR_DEFINITIONS = (
					"DEBUG=1",
					"$(inherited)",
				);
				GCC_WARN_64_TO_32_BIT_CONVERSION = YES;
				GCC_WARN_ABOUT_RETURN_TYPE = YES_ERROR;
				GCC_WARN_UNDECLARED_SELECTOR = YES;
				GCC_WARN_UNINITIALIZED_AUTOS = YES_AGGRESSIVE;
				GCC_WARN_UNUSED_FUNCTION = YES;
				GCC_WARN_UNUSED_VARIABLE = YES;
				IPHONEOS_DEPLOYMENT_TARGET = 14.0;
				MTL_ENABLE_DEBUG_INFO = INCLUDE_SOURCE;
				MTL_FAST_MATH = YES;
				ONLY_ACTIVE_ARCH = YES;
				SDKROOT = iphoneos;
				SWIFT_ACTIVE_COMPILATION_CONDITIONS = DEBUG;
				SWIFT_OPTIMIZATION_LEVEL = "-Onone";
			};
			name = Debug;
		};
		3AFF48D825814E4600C6E153 /* Release */ = {
			isa = XCBuildConfiguration;
			buildSettings = {
				ALWAYS_SEARCH_USER_PATHS = NO;
				CLANG_ANALYZER_NONNULL = YES;
				CLANG_ANALYZER_NUMBER_OBJECT_CONVERSION = YES_AGGRESSIVE;
				CLANG_CXX_LANGUAGE_STANDARD = "gnu++14";
				CLANG_CXX_LIBRARY = "libc++";
				CLANG_ENABLE_MODULES = YES;
				CLANG_ENABLE_OBJC_ARC = YES;
				CLANG_ENABLE_OBJC_WEAK = YES;
				CLANG_WARN_BLOCK_CAPTURE_AUTORELEASING = YES;
				CLANG_WARN_BOOL_CONVERSION = YES;
				CLANG_WARN_COMMA = YES;
				CLANG_WARN_CONSTANT_CONVERSION = YES;
				CLANG_WARN_DEPRECATED_OBJC_IMPLEMENTATIONS = YES;
				CLANG_WARN_DIRECT_OBJC_ISA_USAGE = YES_ERROR;
				CLANG_WARN_DOCUMENTATION_COMMENTS = YES;
				CLANG_WARN_EMPTY_BODY = YES;
				CLANG_WARN_ENUM_CONVERSION = YES;
				CLANG_WARN_INFINITE_RECURSION = YES;
				CLANG_WARN_INT_CONVERSION = YES;
				CLANG_WARN_NON_LITERAL_NULL_CONVERSION = YES;
				CLANG_WARN_OBJC_IMPLICIT_RETAIN_SELF = YES;
				CLANG_WARN_OBJC_LITERAL_CONVERSION = YES;
				CLANG_WARN_OBJC_ROOT_CLASS = YES_ERROR;
				CLANG_WARN_QUOTED_INCLUDE_IN_FRAMEWORK_HEADER = YES;
				CLANG_WARN_RANGE_LOOP_ANALYSIS = YES;
				CLANG_WARN_STRICT_PROTOTYPES = YES;
				CLANG_WARN_SUSPICIOUS_MOVE = YES;
				CLANG_WARN_UNGUARDED_AVAILABILITY = YES_AGGRESSIVE;
				CLANG_WARN_UNREACHABLE_CODE = YES;
				CLANG_WARN__DUPLICATE_METHOD_MATCH = YES;
				COPY_PHASE_STRIP = NO;
				DEBUG_INFORMATION_FORMAT = "dwarf-with-dsym";
				ENABLE_NS_ASSERTIONS = NO;
				ENABLE_STRICT_OBJC_MSGSEND = YES;
				GCC_C_LANGUAGE_STANDARD = gnu11;
				GCC_NO_COMMON_BLOCKS = YES;
				GCC_WARN_64_TO_32_BIT_CONVERSION = YES;
				GCC_WARN_ABOUT_RETURN_TYPE = YES_ERROR;
				GCC_WARN_UNDECLARED_SELECTOR = YES;
				GCC_WARN_UNINITIALIZED_AUTOS = YES_AGGRESSIVE;
				GCC_WARN_UNUSED_FUNCTION = YES;
				GCC_WARN_UNUSED_VARIABLE = YES;
				IPHONEOS_DEPLOYMENT_TARGET = 14.0;
				MTL_ENABLE_DEBUG_INFO = NO;
				MTL_FAST_MATH = YES;
				SDKROOT = iphoneos;
				SWIFT_COMPILATION_MODE = wholemodule;
				SWIFT_OPTIMIZATION_LEVEL = "-O";
				VALIDATE_PRODUCT = YES;
			};
			name = Release;
		};
		3AFF48DA25814E4600C6E153 /* Debug */ = {
			isa = XCBuildConfiguration;
			buildSettings = {
				ASSETCATALOG_COMPILER_APPICON_NAME = AppIcon;
				ASSETCATALOG_COMPILER_GLOBAL_ACCENT_COLOR_NAME = AccentColor;
				CODE_SIGN_STYLE = Automatic;
				DEVELOPMENT_TEAM = 8J73Q43L2S;
				INFOPLIST_FILE = Calculator/Info.plist;
				LD_RUNPATH_SEARCH_PATHS = (
					"$(inherited)",
					"@executable_path/Frameworks",
				);
				PRODUCT_BUNDLE_IDENTIFIER = lt.1011.Calculator;
				PRODUCT_NAME = "$(TARGET_NAME)";
				SWIFT_VERSION = 5.0;
				TARGETED_DEVICE_FAMILY = "1,2";
			};
			name = Debug;
		};
		3AFF48DB25814E4600C6E153 /* Release */ = {
			isa = XCBuildConfiguration;
			buildSettings = {
				ASSETCATALOG_COMPILER_APPICON_NAME = AppIcon;
				ASSETCATALOG_COMPILER_GLOBAL_ACCENT_COLOR_NAME = AccentColor;
				CODE_SIGN_STYLE = Automatic;
				DEVELOPMENT_TEAM = 8J73Q43L2S;
				INFOPLIST_FILE = Calculator/Info.plist;
				LD_RUNPATH_SEARCH_PATHS = (
					"$(inherited)",
					"@executable_path/Frameworks",
				);
				PRODUCT_BUNDLE_IDENTIFIER = lt.1011.Calculator;
				PRODUCT_NAME = "$(TARGET_NAME)";
				SWIFT_VERSION = 5.0;
				TARGETED_DEVICE_FAMILY = "1,2";
			};
			name = Release;
		};
/* End XCBuildConfiguration section */

/* Begin XCConfigurationList section */
		3AFF48C025814E4400C6E153 /* Build configuration list for PBXProject "Calculator" */ = {
			isa = XCConfigurationList;
			buildConfigurations = (
				3AFF48D725814E4600C6E153 /* Debug */,
				3AFF48D825814E4600C6E153 /* Release */,
			);
			defaultConfigurationIsVisible = 0;
			defaultConfigurationName = Release;
		};
		3AFF48D925814E4600C6E153 /* Build configuration list for PBXNativeTarget "Calculator" */ = {
			isa = XCConfigurationList;
			buildConfigurations = (
				3AFF48DA25814E4600C6E153 /* Debug */,
				3AFF48DB25814E4600C6E153 /* Release */,
			);
			defaultConfigurationIsVisible = 0;
			defaultConfigurationName = Release;
		};
/* End XCConfigurationList section */
	};
	rootObject = 3AFF48BD25814E4400C6E153 /* Project object */;
}
